
Microsoft Visual Studio Solution File, Format Version 12.00
# Visual Studio Version 17
VisualStudioVersion = 17.0.31903.59
MinimumVisualStudioVersion = 10.0.40219.1
Project("{FAE04EC0-301F-11D3-BF4B-00C04F79EFBC}") = "game-server", "game-server\game-server.csproj", "{B4823ED1-D041-4A6C-B005-68782EAE17D3}"
EndProject
Project("{FAE04EC0-301F-11D3-BF4B-00C04F79EFBC}") = "game-client", "game-client\game-client.csproj", "{FBD97331-EAF0-4A5B-A69E-D75F6630DE92}"
EndProject
Global
	GlobalSection(SolutionConfigurationPlatforms) = preSolution
		Debug|Any CPU = Debug|Any CPU
		Release|Any CPU = Release|Any CPU
	EndGlobalSection
	GlobalSection(SolutionProperties) = preSolution
		HideSolutionNode = FALSE
	EndGlobalSection
	GlobalSection(ProjectConfigurationPlatforms) = postSolution
		{B4823ED1-D041-4A6C-B005-68782EAE17D3}.Debug|Any CPU.ActiveCfg = Debug|Any CPU
		{B4823ED1-D041-4A6C-B005-68782EAE17D3}.Debug|Any CPU.Build.0 = Debug|Any CPU
		{B4823ED1-D041-4A6C-B005-68782EAE17D3}.Release|Any CPU.ActiveCfg = Release|Any CPU
		{B4823ED1-D041-4A6C-B005-68782EAE17D3}.Release|Any CPU.Build.0 = Release|Any CPU
		{FBD97331-EAF0-4A5B-A69E-D75F6630DE92}.Debug|Any CPU.ActiveCfg = Debug|Any CPU
		{FBD97331-EAF0-4A5B-A69E-D75F6630DE92}.Debug|Any CPU.Build.0 = Debug|Any CPU
		{FBD97331-EAF0-4A5B-A69E-D75F6630DE92}.Release|Any CPU.ActiveCfg = Release|Any CPU
		{FBD97331-EAF0-4A5B-A69E-D75F6630DE92}.Release|Any CPU.Build.0 = Release|Any CPU
	EndGlobalSection
EndGlobal
